
Microsoft Visual Studio Solution File, Format Version 12.00
# Visual Studio 14
VisualStudioVersion = 14.0.25420.1
MinimumVisualStudioVersion = 10.0.40219.1
Project("{FAE04EC0-301F-11D3-BF4B-00C04F79EFBC}") = "DataGen.StateMachine", "DataGen.StateMachine\DataGen.StateMachine.csproj", "{C55BF4A7-9D46-4D50-8107-CDD9EA867B98}"
EndProject
Project("{FAE04EC0-301F-11D3-BF4B-00C04F79EFBC}") = "DataGen.StateMachine.Tests", "DataGen.StateMachine.Tests\DataGen.StateMachine.Tests.csproj", "{5975EE33-2988-4577-A826-609A63051A86}"
EndProject
Project("{FAE04EC0-301F-11D3-BF4B-00C04F79EFBC}") = "DataGen.StateMachine.Publish", "DataGen.StateMachine.Publish\DataGen.StateMachine.Publish.csproj", "{18C5902F-3E23-4856-A55B-939813A85B59}"
EndProject
Project("{FAE04EC0-301F-11D3-BF4B-00C04F79EFBC}") = "DataGen.StateMachine.Example1", "DataGen.StateMachine.Example1\DataGen.StateMachine.Example1.csproj", "{059D58E3-F03A-42B5-ADA7-13D84A20E2FD}"
EndProject
Project("{FAE04EC0-301F-11D3-BF4B-00C04F79EFBC}") = "DataGen.StateMachine.Example2", "DataGen.StateMachine.Example2\DataGen.StateMachine.Example2.csproj", "{D9886E64-2A70-4905-8DA5-7316D6C746B9}"
EndProject
Project("{FAE04EC0-301F-11D3-BF4B-00C04F79EFBC}") = "DataGen.StateMachine.Example.Common", "DataGen.StateMachine.Example.Common\DataGen.StateMachine.Example.Common.csproj", "{4970CDF1-D9D1-4CD2-9D55-B8CD2706A73A}"
EndProject
Project("{2150E333-8FDC-42A3-9474-1A3956D46DE8}") = "Examples", "Examples", "{26AB2E53-58C4-44D1-BDBE-9E39E17E699D}"
EndProject
Project("{2150E333-8FDC-42A3-9474-1A3956D46DE8}") = "Publish", "Publish", "{1CAB1028-53E2-49D2-9BD0-969038FBFD2C}"
EndProject
Project("{2150E333-8FDC-42A3-9474-1A3956D46DE8}") = "UnitTests", "UnitTests", "{1195FED9-9438-4C1A-8C6C-4846F88B15A9}"
EndProject
Project("{2150E333-8FDC-42A3-9474-1A3956D46DE8}") = "NuGet", "NuGet", "{3E07C12E-5587-4812-A19D-8F23CC5F425F}"
	ProjectSection(SolutionItems) = preProject
		NuGet\DataGen.StateMachine.nuspec = NuGet\DataGen.StateMachine.nuspec
	EndProjectSection
EndProject
Global
	GlobalSection(SolutionConfigurationPlatforms) = preSolution
		Debug|Any CPU = Debug|Any CPU
		Debug|ARM = Debug|ARM
		Debug|x64 = Debug|x64
		Debug|x86 = Debug|x86
		Release|Any CPU = Release|Any CPU
		Release|ARM = Release|ARM
		Release|x64 = Release|x64
		Release|x86 = Release|x86
	EndGlobalSection
	GlobalSection(ProjectConfigurationPlatforms) = postSolution
		{C55BF4A7-9D46-4D50-8107-CDD9EA867B98}.Debug|Any CPU.ActiveCfg = Debug|Any CPU
		{C55BF4A7-9D46-4D50-8107-CDD9EA867B98}.Debug|Any CPU.Build.0 = Debug|Any CPU
		{C55BF4A7-9D46-4D50-8107-CDD9EA867B98}.Debug|ARM.ActiveCfg = Debug|Any CPU
		{C55BF4A7-9D46-4D50-8107-CDD9EA867B98}.Debug|ARM.Build.0 = Debug|Any CPU
		{C55BF4A7-9D46-4D50-8107-CDD9EA867B98}.Debug|x64.ActiveCfg = Debug|Any CPU
		{C55BF4A7-9D46-4D50-8107-CDD9EA867B98}.Debug|x64.Build.0 = Debug|Any CPU
		{C55BF4A7-9D46-4D50-8107-CDD9EA867B98}.Debug|x86.ActiveCfg = Debug|Any CPU
		{C55BF4A7-9D46-4D50-8107-CDD9EA867B98}.Debug|x86.Build.0 = Debug|Any CPU
		{C55BF4A7-9D46-4D50-8107-CDD9EA867B98}.Release|Any CPU.ActiveCfg = Release|Any CPU
		{C55BF4A7-9D46-4D50-8107-CDD9EA867B98}.Release|Any CPU.Build.0 = Release|Any CPU
		{C55BF4A7-9D46-4D50-8107-CDD9EA867B98}.Release|ARM.ActiveCfg = Release|Any CPU
		{C55BF4A7-9D46-4D50-8107-CDD9EA867B98}.Release|ARM.Build.0 = Release|Any CPU
		{C55BF4A7-9D46-4D50-8107-CDD9EA867B98}.Release|x64.ActiveCfg = Release|Any CPU
		{C55BF4A7-9D46-4D50-8107-CDD9EA867B98}.Release|x64.Build.0 = Release|Any CPU
		{C55BF4A7-9D46-4D50-8107-CDD9EA867B98}.Release|x86.ActiveCfg = Release|Any CPU
		{C55BF4A7-9D46-4D50-8107-CDD9EA867B98}.Release|x86.Build.0 = Release|Any CPU
		{5975EE33-2988-4577-A826-609A63051A86}.Debug|Any CPU.ActiveCfg = Debug|Any CPU
		{5975EE33-2988-4577-A826-609A63051A86}.Debug|Any CPU.Build.0 = Debug|Any CPU
		{5975EE33-2988-4577-A826-609A63051A86}.Debug|ARM.ActiveCfg = Debug|Any CPU
		{5975EE33-2988-4577-A826-609A63051A86}.Debug|ARM.Build.0 = Debug|Any CPU
		{5975EE33-2988-4577-A826-609A63051A86}.Debug|x64.ActiveCfg = Debug|Any CPU
		{5975EE33-2988-4577-A826-609A63051A86}.Debug|x64.Build.0 = Debug|Any CPU
		{5975EE33-2988-4577-A826-609A63051A86}.Debug|x86.ActiveCfg = Debug|Any CPU
		{5975EE33-2988-4577-A826-609A63051A86}.Debug|x86.Build.0 = Debug|Any CPU
		{5975EE33-2988-4577-A826-609A63051A86}.Release|Any CPU.ActiveCfg = Release|Any CPU
		{5975EE33-2988-4577-A826-609A63051A86}.Release|Any CPU.Build.0 = Release|Any CPU
		{5975EE33-2988-4577-A826-609A63051A86}.Release|ARM.ActiveCfg = Release|Any CPU
		{5975EE33-2988-4577-A826-609A63051A86}.Release|ARM.Build.0 = Release|Any CPU
		{5975EE33-2988-4577-A826-609A63051A86}.Release|x64.ActiveCfg = Release|Any CPU
		{5975EE33-2988-4577-A826-609A63051A86}.Release|x64.Build.0 = Release|Any CPU
		{5975EE33-2988-4577-A826-609A63051A86}.Release|x86.ActiveCfg = Release|Any CPU
		{5975EE33-2988-4577-A826-609A63051A86}.Release|x86.Build.0 = Release|Any CPU
		{18C5902F-3E23-4856-A55B-939813A85B59}.Debug|Any CPU.ActiveCfg = Debug|Any CPU
		{18C5902F-3E23-4856-A55B-939813A85B59}.Debug|Any CPU.Build.0 = Debug|Any CPU
		{18C5902F-3E23-4856-A55B-939813A85B59}.Debug|ARM.ActiveCfg = Debug|Any CPU
		{18C5902F-3E23-4856-A55B-939813A85B59}.Debug|ARM.Build.0 = Debug|Any CPU
		{18C5902F-3E23-4856-A55B-939813A85B59}.Debug|x64.ActiveCfg = Debug|Any CPU
		{18C5902F-3E23-4856-A55B-939813A85B59}.Debug|x64.Build.0 = Debug|Any CPU
		{18C5902F-3E23-4856-A55B-939813A85B59}.Debug|x86.ActiveCfg = Debug|Any CPU
		{18C5902F-3E23-4856-A55B-939813A85B59}.Debug|x86.Build.0 = Debug|Any CPU
		{18C5902F-3E23-4856-A55B-939813A85B59}.Release|Any CPU.ActiveCfg = Release|Any CPU
		{18C5902F-3E23-4856-A55B-939813A85B59}.Release|Any CPU.Build.0 = Release|Any CPU
		{18C5902F-3E23-4856-A55B-939813A85B59}.Release|ARM.ActiveCfg = Release|Any CPU
		{18C5902F-3E23-4856-A55B-939813A85B59}.Release|ARM.Build.0 = Release|Any CPU
		{18C5902F-3E23-4856-A55B-939813A85B59}.Release|x64.ActiveCfg = Release|Any CPU
		{18C5902F-3E23-4856-A55B-939813A85B59}.Release|x64.Build.0 = Release|Any CPU
		{18C5902F-3E23-4856-A55B-939813A85B59}.Release|x86.ActiveCfg = Release|Any CPU
		{18C5902F-3E23-4856-A55B-939813A85B59}.Release|x86.Build.0 = Release|Any CPU
		{059D58E3-F03A-42B5-ADA7-13D84A20E2FD}.Debug|Any CPU.ActiveCfg = Debug|Any CPU
		{059D58E3-F03A-42B5-ADA7-13D84A20E2FD}.Debug|Any CPU.Build.0 = Debug|Any CPU
		{059D58E3-F03A-42B5-ADA7-13D84A20E2FD}.Debug|ARM.ActiveCfg = Debug|Any CPU
		{059D58E3-F03A-42B5-ADA7-13D84A20E2FD}.Debug|ARM.Build.0 = Debug|Any CPU
		{059D58E3-F03A-42B5-ADA7-13D84A20E2FD}.Debug|x64.ActiveCfg = Debug|Any CPU
		{059D58E3-F03A-42B5-ADA7-13D84A20E2FD}.Debug|x64.Build.0 = Debug|Any CPU
		{059D58E3-F03A-42B5-ADA7-13D84A20E2FD}.Debug|x86.ActiveCfg = Debug|Any CPU
		{059D58E3-F03A-42B5-ADA7-13D84A20E2FD}.Debug|x86.Build.0 = Debug|Any CPU
		{059D58E3-F03A-42B5-ADA7-13D84A20E2FD}.Release|Any CPU.ActiveCfg = Release|Any CPU
		{059D58E3-F03A-42B5-ADA7-13D84A20E2FD}.Release|Any CPU.Build.0 = Release|Any CPU
		{059D58E3-F03A-42B5-ADA7-13D84A20E2FD}.Release|ARM.ActiveCfg = Release|Any CPU
		{059D58E3-F03A-42B5-ADA7-13D84A20E2FD}.Release|ARM.Build.0 = Release|Any CPU
		{059D58E3-F03A-42B5-ADA7-13D84A20E2FD}.Release|x64.ActiveCfg = Release|Any CPU
		{059D58E3-F03A-42B5-ADA7-13D84A20E2FD}.Release|x64.Build.0 = Release|Any CPU
		{059D58E3-F03A-42B5-ADA7-13D84A20E2FD}.Release|x86.ActiveCfg = Release|Any CPU
		{059D58E3-F03A-42B5-ADA7-13D84A20E2FD}.Release|x86.Build.0 = Release|Any CPU
		{D9886E64-2A70-4905-8DA5-7316D6C746B9}.Debug|Any CPU.ActiveCfg = Debug|Any CPU
		{D9886E64-2A70-4905-8DA5-7316D6C746B9}.Debug|Any CPU.Build.0 = Debug|Any CPU
		{D9886E64-2A70-4905-8DA5-7316D6C746B9}.Debug|ARM.ActiveCfg = Debug|Any CPU
		{D9886E64-2A70-4905-8DA5-7316D6C746B9}.Debug|ARM.Build.0 = Debug|Any CPU
		{D9886E64-2A70-4905-8DA5-7316D6C746B9}.Debug|x64.ActiveCfg = Debug|Any CPU
		{D9886E64-2A70-4905-8DA5-7316D6C746B9}.Debug|x64.Build.0 = Debug|Any CPU
		{D9886E64-2A70-4905-8DA5-7316D6C746B9}.Debug|x86.ActiveCfg = Debug|Any CPU
		{D9886E64-2A70-4905-8DA5-7316D6C746B9}.Debug|x86.Build.0 = Debug|Any CPU
		{D9886E64-2A70-4905-8DA5-7316D6C746B9}.Release|Any CPU.ActiveCfg = Release|Any CPU
		{D9886E64-2A70-4905-8DA5-7316D6C746B9}.Release|Any CPU.Build.0 = Release|Any CPU
		{D9886E64-2A70-4905-8DA5-7316D6C746B9}.Release|ARM.ActiveCfg = Release|Any CPU
		{D9886E64-2A70-4905-8DA5-7316D6C746B9}.Release|ARM.Build.0 = Release|Any CPU
		{D9886E64-2A70-4905-8DA5-7316D6C746B9}.Release|x64.ActiveCfg = Release|Any CPU
		{D9886E64-2A70-4905-8DA5-7316D6C746B9}.Release|x64.Build.0 = Release|Any CPU
		{D9886E64-2A70-4905-8DA5-7316D6C746B9}.Release|x86.ActiveCfg = Release|Any CPU
		{D9886E64-2A70-4905-8DA5-7316D6C746B9}.Release|x86.Build.0 = Release|Any CPU
		{4970CDF1-D9D1-4CD2-9D55-B8CD2706A73A}.Debug|Any CPU.ActiveCfg = Debug|Any CPU
		{4970CDF1-D9D1-4CD2-9D55-B8CD2706A73A}.Debug|Any CPU.Build.0 = Debug|Any CPU
		{4970CDF1-D9D1-4CD2-9D55-B8CD2706A73A}.Debug|ARM.ActiveCfg = Debug|Any CPU
		{4970CDF1-D9D1-4CD2-9D55-B8CD2706A73A}.Debug|ARM.Build.0 = Debug|Any CPU
		{4970CDF1-D9D1-4CD2-9D55-B8CD2706A73A}.Debug|x64.ActiveCfg = Debug|Any CPU
		{4970CDF1-D9D1-4CD2-9D55-B8CD2706A73A}.Debug|x64.Build.0 = Debug|Any CPU
		{4970CDF1-D9D1-4CD2-9D55-B8CD2706A73A}.Debug|x86.ActiveCfg = Debug|Any CPU
		{4970CDF1-D9D1-4CD2-9D55-B8CD2706A73A}.Debug|x86.Build.0 = Debug|Any CPU
		{4970CDF1-D9D1-4CD2-9D55-B8CD2706A73A}.Release|Any CPU.ActiveCfg = Release|Any CPU
		{4970CDF1-D9D1-4CD2-9D55-B8CD2706A73A}.Release|Any CPU.Build.0 = Release|Any CPU
		{4970CDF1-D9D1-4CD2-9D55-B8CD2706A73A}.Release|ARM.ActiveCfg = Release|Any CPU
		{4970CDF1-D9D1-4CD2-9D55-B8CD2706A73A}.Release|ARM.Build.0 = Release|Any CPU
		{4970CDF1-D9D1-4CD2-9D55-B8CD2706A73A}.Release|x64.ActiveCfg = Release|Any CPU
		{4970CDF1-D9D1-4CD2-9D55-B8CD2706A73A}.Release|x64.Build.0 = Release|Any CPU
		{4970CDF1-D9D1-4CD2-9D55-B8CD2706A73A}.Release|x86.ActiveCfg = Release|Any CPU
		{4970CDF1-D9D1-4CD2-9D55-B8CD2706A73A}.Release|x86.Build.0 = Release|Any CPU
	EndGlobalSection
	GlobalSection(SolutionProperties) = preSolution
		HideSolutionNode = FALSE
	EndGlobalSection
	GlobalSection(NestedProjects) = preSolution
		{5975EE33-2988-4577-A826-609A63051A86} = {1195FED9-9438-4C1A-8C6C-4846F88B15A9}
		{18C5902F-3E23-4856-A55B-939813A85B59} = {1CAB1028-53E2-49D2-9BD0-969038FBFD2C}
		{059D58E3-F03A-42B5-ADA7-13D84A20E2FD} = {26AB2E53-58C4-44D1-BDBE-9E39E17E699D}
		{D9886E64-2A70-4905-8DA5-7316D6C746B9} = {26AB2E53-58C4-44D1-BDBE-9E39E17E699D}
		{4970CDF1-D9D1-4CD2-9D55-B8CD2706A73A} = {26AB2E53-58C4-44D1-BDBE-9E39E17E699D}
	EndGlobalSection
EndGlobal
