
Microsoft Visual Studio Solution File, Format Version 12.00
# Visual Studio 14
VisualStudioVersion = 14.0.24720.0
MinimumVisualStudioVersion = 10.0.40219.1
Project("{FAE04EC0-301F-11D3-BF4B-00C04F79EFBC}") = "DataGen.StateMachine", "DataGen.StateMachine\DataGen.StateMachine.csproj", "{C55BF4A7-9D46-4D50-8107-CDD9EA867B98}"
EndProject
Project("{FAE04EC0-301F-11D3-BF4B-00C04F79EFBC}") = "DataGen.StateMachine.Tests", "DataGen.StateMachine.Tests\DataGen.StateMachine.Tests.csproj", "{5975EE33-2988-4577-A826-609A63051A86}"
EndProject
Project("{FAE04EC0-301F-11D3-BF4B-00C04F79EFBC}") = "DataGen.StateMachine.Publish", "DataGen.StateMachine.Publish\DataGen.StateMachine.Publish.csproj", "{18C5902F-3E23-4856-A55B-939813A85B59}"
EndProject
Project("{FAE04EC0-301F-11D3-BF4B-00C04F79EFBC}") = "DataGen.StateMachine.Example1", "DataGen.StateMachine.Example1\DataGen.StateMachine.Example1.csproj", "{059D58E3-F03A-42B5-ADA7-13D84A20E2FD}"
EndProject
Project("{FAE04EC0-301F-11D3-BF4B-00C04F79EFBC}") = "DataGen.StateMachine.Example2", "DataGen.StateMachine.Example2\DataGen.StateMachine.Example2.csproj", "{D9886E64-2A70-4905-8DA5-7316D6C746B9}"
EndProject
Project("{FAE04EC0-301F-11D3-BF4B-00C04F79EFBC}") = "DataGen.StateMachine.Example.Common", "DataGen.StateMachine.Example.Common\DataGen.StateMachine.Example.Common.csproj", "{4970CDF1-D9D1-4CD2-9D55-B8CD2706A73A}"
EndProject
Global
	GlobalSection(SolutionConfigurationPlatforms) = preSolution
		Debug|Any CPU = Debug|Any CPU
		Debug|ARM = Debug|ARM
		Debug|x64 = Debug|x64
		Debug|x86 = Debug|x86
		Release|Any CPU = Release|Any CPU
		Release|ARM = Release|ARM
		Release|x64 = Release|x64
		Release|x86 = Release|x86
	EndGlobalSection
	GlobalSection(ProjectConfigurationPlatforms) = postSolution
		{C55BF4A7-9D46-4D50-8107-CDD9EA867B98}.Debug|Any CPU.ActiveCfg = Debug|Any CPU
		{C55BF4A7-9D46-4D50-8107-CDD9EA867B98}.Debug|Any CPU.Build.0 = Debug|Any CPU
		{C55BF4A7-9D46-4D50-8107-CDD9EA867B98}.Debug|ARM.ActiveCfg = Debug|Any CPU
		{C55BF4A7-9D46-4D50-8107-CDD9EA867B98}.Debug|ARM.Build.0 = Debug|Any CPU
		{C55BF4A7-9D46-4D50-8107-CDD9EA867B98}.Debug|x64.ActiveCfg = Debug|Any CPU
		{C55BF4A7-9D46-4D50-8107-CDD9EA867B98}.Debug|x64.Build.0 = Debug|Any CPU
		{C55BF4A7-9D46-4D50-8107-CDD9EA867B98}.Debug|x86.ActiveCfg = Debug|Any CPU
		{C55BF4A7-9D46-4D50-8107-CDD9EA867B98}.Debug|x86.Build.0 = Debug|Any CPU
		{C55BF4A7-9D46-4D50-8107-CDD9EA867B98}.Release|Any CPU.ActiveCfg = Release|Any CPU
		{C55BF4A7-9D46-4D50-8107-CDD9EA867B98}.Release|Any CPU.Build.0 = Release|Any CPU
		{C55BF4A7-9D46-4D50-8107-CDD9EA867B98}.Release|ARM.ActiveCfg = Release|Any CPU
		{C55BF4A7-9D46-4D50-8107-CDD9EA867B98}.Release|ARM.Build.0 = Release|Any CPU
		{C55BF4A7-9D46-4D50-8107-CDD9EA867B98}.Release|x64.ActiveCfg = Release|Any CPU
		{C55BF4A7-9D46-4D50-8107-CDD9EA867B98}.Release|x64.Build.0 = Release|Any CPU
		{C55BF4A7-9D46-4D50-8107-CDD9EA867B98}.Release|x86.ActiveCfg = Release|Any CPU
		{C55BF4A7-9D46-4D50-8107-CDD9EA867B98}.Release|x86.Build.0 = Release|Any CPU
		{5975EE33-2988-4577-A826-609A63051A86}.Debug|Any CPU.ActiveCfg = Debug|Any CPU
		{5975EE33-2988-4577-A826-609A63051A86}.Debug|Any CPU.Build.0 = Debug|Any CPU
		{5975EE33-2988-4577-A826-609A63051A86}.Debug|ARM.ActiveCfg = Debug|Any CPU
		{5975EE33-2988-4577-A826-609A63051A86}.Debug|ARM.Build.0 = Debug|Any CPU
		{5975EE33-2988-4577-A826-609A63051A86}.Debug|x64.ActiveCfg = Debug|Any CPU
		{5975EE33-2988-4577-A826-609A63051A86}.Debug|x64.Build.0 = Debug|Any CPU
		{5975EE33-2988-4577-A826-609A63051A86}.Debug|x86.ActiveCfg = Debug|Any CPU
		{5975EE33-2988-4577-A826-609A63051A86}.Debug|x86.Build.0 = Debug|Any CPU
		{5975EE33-2988-4577-A826-609A63051A86}.Release|Any CPU.ActiveCfg = Release|Any CPU
		{5975EE33-2988-4577-A826-609A63051A86}.Release|Any CPU.Build.0 = Release|Any CPU
		{5975EE33-2988-4577-A826-609A63051A86}.Release|ARM.ActiveCfg = Release|Any CPU
		{5975EE33-2988-4577-A826-609A63051A86}.Release|ARM.Build.0 = Release|Any CPU
		{5975EE33-2988-4577-A826-609A63051A86}.Release|x64.ActiveCfg = Release|Any CPU
		{5975EE33-2988-4577-A826-609A63051A86}.Release|x64.Build.0 = Release|Any CPU
		{5975EE33-2988-4577-A826-609A63051A86}.Release|x86.ActiveCfg = Release|Any CPU
		{5975EE33-2988-4577-A826-609A63051A86}.Release|x86.Build.0 = Release|Any CPU
		{18C5902F-3E23-4856-A55B-939813A85B59}.Debug|Any CPU.ActiveCfg = Debug|Any CPU
		{18C5902F-3E23-4856-A55B-939813A85B59}.Debug|Any CPU.Build.0 = Debug|Any CPU
		{18C5902F-3E23-4856-A55B-939813A85B59}.Debug|ARM.ActiveCfg = Debug|Any CPU
		{18C5902F-3E23-4856-A55B-939813A85B59}.Debug|ARM.Build.0 = Debug|Any CPU
		{18C5902F-3E23-4856-A55B-939813A85B59}.Debug|x64.ActiveCfg = Debug|Any CPU
		{18C5902F-3E23-4856-A55B-939813A85B59}.Debug|x64.Build.0 = Debug|Any CPU
		{18C5902F-3E23-4856-A55B-939813A85B59}.Debug|x86.ActiveCfg = Debug|Any CPU
		{18C5902F-3E23-4856-A55B-939813A85B59}.Debug|x86.Build.0 = Debug|Any CPU
		{18C5902F-3E23-4856-A55B-939813A85B59}.Release|Any CPU.ActiveCfg = Release|Any CPU
		{18C5902F-3E23-4856-A55B-939813A85B59}.Release|Any CPU.Build.0 = Release|Any CPU
		{18C5902F-3E23-4856-A55B-939813A85B59}.Release|ARM.ActiveCfg = Release|Any CPU
		{18C5902F-3E23-4856-A55B-939813A85B59}.Release|ARM.Build.0 = Release|Any CPU
		{18C5902F-3E23-4856-A55B-939813A85B59}.Release|x64.ActiveCfg = Release|Any CPU
		{18C5902F-3E23-4856-A55B-939813A85B59}.Release|x64.Build.0 = Release|Any CPU
		{18C5902F-3E23-4856-A55B-939813A85B59}.Release|x86.ActiveCfg = Release|Any CPU
		{18C5902F-3E23-4856-A55B-939813A85B59}.Release|x86.Build.0 = Release|Any CPU
		{059D58E3-F03A-42B5-ADA7-13D84A20E2FD}.Debug|Any CPU.ActiveCfg = Debug|Any CPU
		{059D58E3-F03A-42B5-ADA7-13D84A20E2FD}.Debug|Any CPU.Build.0 = Debug|Any CPU
		{059D58E3-F03A-42B5-ADA7-13D84A20E2FD}.Debug|ARM.ActiveCfg = Debug|Any CPU
		{059D58E3-F03A-42B5-ADA7-13D84A20E2FD}.Debug|ARM.Build.0 = Debug|Any CPU
		{059D58E3-F03A-42B5-ADA7-13D84A20E2FD}.Debug|x64.ActiveCfg = Debug|Any CPU
		{059D58E3-F03A-42B5-ADA7-13D84A20E2FD}.Debug|x64.Build.0 = Debug|Any CPU
		{059D58E3-F03A-42B5-ADA7-13D84A20E2FD}.Debug|x86.ActiveCfg = Debug|Any CPU
		{059D58E3-F03A-42B5-ADA7-13D84A20E2FD}.Debug|x86.Build.0 = Debug|Any CPU
		{059D58E3-F03A-42B5-ADA7-13D84A20E2FD}.Release|Any CPU.ActiveCfg = Release|Any CPU
		{059D58E3-F03A-42B5-ADA7-13D84A20E2FD}.Release|Any CPU.Build.0 = Release|Any CPU
		{059D58E3-F03A-42B5-ADA7-13D84A20E2FD}.Release|ARM.ActiveCfg = Release|Any CPU
		{059D58E3-F03A-42B5-ADA7-13D84A20E2FD}.Release|ARM.Build.0 = Release|Any CPU
		{059D58E3-F03A-42B5-ADA7-13D84A20E2FD}.Release|x64.ActiveCfg = Release|Any CPU
		{059D58E3-F03A-42B5-ADA7-13D84A20E2FD}.Release|x64.Build.0 = Release|Any CPU
		{059D58E3-F03A-42B5-ADA7-13D84A20E2FD}.Release|x86.ActiveCfg = Release|Any CPU
		{059D58E3-F03A-42B5-ADA7-13D84A20E2FD}.Release|x86.Build.0 = Release|Any CPU
		{D9886E64-2A70-4905-8DA5-7316D6C746B9}.Debug|Any CPU.ActiveCfg = Debug|Any CPU
		{D9886E64-2A70-4905-8DA5-7316D6C746B9}.Debug|Any CPU.Build.0 = Debug|Any CPU
		{D9886E64-2A70-4905-8DA5-7316D6C746B9}.Debug|ARM.ActiveCfg = Debug|Any CPU
		{D9886E64-2A70-4905-8DA5-7316D6C746B9}.Debug|ARM.Build.0 = Debug|Any CPU
		{D9886E64-2A70-4905-8DA5-7316D6C746B9}.Debug|x64.ActiveCfg = Debug|Any CPU
		{D9886E64-2A70-4905-8DA5-7316D6C746B9}.Debug|x64.Build.0 = Debug|Any CPU
		{D9886E64-2A70-4905-8DA5-7316D6C746B9}.Debug|x86.ActiveCfg = Debug|Any CPU
		{D9886E64-2A70-4905-8DA5-7316D6C746B9}.Debug|x86.Build.0 = Debug|Any CPU
		{D9886E64-2A70-4905-8DA5-7316D6C746B9}.Release|Any CPU.ActiveCfg = Release|Any CPU
		{D9886E64-2A70-4905-8DA5-7316D6C746B9}.Release|Any CPU.Build.0 = Release|Any CPU
		{D9886E64-2A70-4905-8DA5-7316D6C746B9}.Release|ARM.ActiveCfg = Release|Any CPU
		{D9886E64-2A70-4905-8DA5-7316D6C746B9}.Release|ARM.Build.0 = Release|Any CPU
		{D9886E64-2A70-4905-8DA5-7316D6C746B9}.Release|x64.ActiveCfg = Release|Any CPU
		{D9886E64-2A70-4905-8DA5-7316D6C746B9}.Release|x64.Build.0 = Release|Any CPU
		{D9886E64-2A70-4905-8DA5-7316D6C746B9}.Release|x86.ActiveCfg = Release|Any CPU
		{D9886E64-2A70-4905-8DA5-7316D6C746B9}.Release|x86.Build.0 = Release|Any CPU
		{4970CDF1-D9D1-4CD2-9D55-B8CD2706A73A}.Debug|Any CPU.ActiveCfg = Debug|Any CPU
		{4970CDF1-D9D1-4CD2-9D55-B8CD2706A73A}.Debug|Any CPU.Build.0 = Debug|Any CPU
		{4970CDF1-D9D1-4CD2-9D55-B8CD2706A73A}.Debug|ARM.ActiveCfg = Debug|Any CPU
		{4970CDF1-D9D1-4CD2-9D55-B8CD2706A73A}.Debug|ARM.Build.0 = Debug|Any CPU
		{4970CDF1-D9D1-4CD2-9D55-B8CD2706A73A}.Debug|x64.ActiveCfg = Debug|Any CPU
		{4970CDF1-D9D1-4CD2-9D55-B8CD2706A73A}.Debug|x64.Build.0 = Debug|Any CPU
		{4970CDF1-D9D1-4CD2-9D55-B8CD2706A73A}.Debug|x86.ActiveCfg = Debug|Any CPU
		{4970CDF1-D9D1-4CD2-9D55-B8CD2706A73A}.Debug|x86.Build.0 = Debug|Any CPU
		{4970CDF1-D9D1-4CD2-9D55-B8CD2706A73A}.Release|Any CPU.ActiveCfg = Release|Any CPU
		{4970CDF1-D9D1-4CD2-9D55-B8CD2706A73A}.Release|Any CPU.Build.0 = Release|Any CPU
		{4970CDF1-D9D1-4CD2-9D55-B8CD2706A73A}.Release|ARM.ActiveCfg = Release|Any CPU
		{4970CDF1-D9D1-4CD2-9D55-B8CD2706A73A}.Release|ARM.Build.0 = Release|Any CPU
		{4970CDF1-D9D1-4CD2-9D55-B8CD2706A73A}.Release|x64.ActiveCfg = Release|Any CPU
		{4970CDF1-D9D1-4CD2-9D55-B8CD2706A73A}.Release|x64.Build.0 = Release|Any CPU
		{4970CDF1-D9D1-4CD2-9D55-B8CD2706A73A}.Release|x86.ActiveCfg = Release|Any CPU
		{4970CDF1-D9D1-4CD2-9D55-B8CD2706A73A}.Release|x86.Build.0 = Release|Any CPU
	EndGlobalSection
	GlobalSection(SolutionProperties) = preSolution
		HideSolutionNode = FALSE
	EndGlobalSection
EndGlobal
